// !$*UTF8*$!
{
	archiveVersion = 1;
	classes = {
	};
	objectVersion = 46;
	objects = {

/* Begin PBXBuildFile section */
		DC4F279818945AD10000DE75 /* Foundation.framework in Frameworks */ = {isa = PBXBuildFile; fileRef = DC4F279718945AD10000DE75 /* Foundation.framework */; };
		DC4F279A18945AD10000DE75 /* CoreGraphics.framework in Frameworks */ = {isa = PBXBuildFile; fileRef = DC4F279918945AD10000DE75 /* CoreGraphics.framework */; };
		DC4F279C18945AD10000DE75 /* UIKit.framework in Frameworks */ = {isa = PBXBuildFile; fileRef = DC4F279B18945AD10000DE75 /* UIKit.framework */; };
		DC4F27A218945AD10000DE75 /* InfoPlist.strings in Resources */ = {isa = PBXBuildFile; fileRef = DC4F27A018945AD10000DE75 /* InfoPlist.strings */; };
		DC4F27A418945AD10000DE75 /* main.m in Sources */ = {isa = PBXBuildFile; fileRef = DC4F27A318945AD10000DE75 /* main.m */; };
		DC4F27A818945AD10000DE75 /* AppDelegate.m in Sources */ = {isa = PBXBuildFile; fileRef = DC4F27A718945AD10000DE75 /* AppDelegate.m */; };
		DC4F27AB18945AD10000DE75 /* Main.storyboard in Resources */ = {isa = PBXBuildFile; fileRef = DC4F27A918945AD10000DE75 /* Main.storyboard */; };
		DC4F27AE18945AD10000DE75 /* ViewController.m in Sources */ = {isa = PBXBuildFile; fileRef = DC4F27AD18945AD10000DE75 /* ViewController.m */; };
		DC4F27B018945AD10000DE75 /* Images.xcassets in Resources */ = {isa = PBXBuildFile; fileRef = DC4F27AF18945AD10000DE75 /* Images.xcassets */; };
		DC4F27B718945AD10000DE75 /* XCTest.framework in Frameworks */ = {isa = PBXBuildFile; fileRef = DC4F27B618945AD10000DE75 /* XCTest.framework */; };
		DC4F27B818945AD10000DE75 /* Foundation.framework in Frameworks */ = {isa = PBXBuildFile; fileRef = DC4F279718945AD10000DE75 /* Foundation.framework */; };
		DC4F27B918945AD10000DE75 /* UIKit.framework in Frameworks */ = {isa = PBXBuildFile; fileRef = DC4F279B18945AD10000DE75 /* UIKit.framework */; };
		DC4F27C118945AD10000DE75 /* InfoPlist.strings in Resources */ = {isa = PBXBuildFile; fileRef = DC4F27BF18945AD10000DE75 /* InfoPlist.strings */; };
		DC4F27C318945AD10000DE75 /* NoiseTests.m in Sources */ = {isa = PBXBuildFile; fileRef = DC4F27C218945AD10000DE75 /* NoiseTests.m */; };
		DC4F27CD18945B8F0000DE75 /* libTheAmazingAudioEngine.a in Frameworks */ = {isa = PBXBuildFile; fileRef = DC4F27CC18945B8F0000DE75 /* libTheAmazingAudioEngine.a */; };
		DC4F27CF1894669B0000DE75 /* Accelerate.framework in Frameworks */ = {isa = PBXBuildFile; fileRef = DC4F27CE1894669B0000DE75 /* Accelerate.framework */; };
		DC4F27D1189466A80000DE75 /* AudioToolbox.framework in Frameworks */ = {isa = PBXBuildFile; fileRef = DC4F27D0189466A80000DE75 /* AudioToolbox.framework */; };
/* End PBXBuildFile section */

/* Begin PBXContainerItemProxy section */
		DC4F27BA18945AD10000DE75 /* PBXContainerItemProxy */ = {
			isa = PBXContainerItemProxy;
			containerPortal = DC4F278C18945AD10000DE75 /* Project object */;
			proxyType = 1;
			remoteGlobalIDString = DC4F279318945AD10000DE75;
			remoteInfo = Noise;
		};
/* End PBXContainerItemProxy section */

/* Begin PBXFileReference section */
		DC4F279418945AD10000DE75 /* Noise.app */ = {isa = PBXFileReference; explicitFileType = wrapper.application; includeInIndex = 0; path = Noise.app; sourceTree = BUILT_PRODUCTS_DIR; };
		DC4F279718945AD10000DE75 /* Foundation.framework */ = {isa = PBXFileReference; lastKnownFileType = wrapper.framework; name = Foundation.framework; path = System/Library/Frameworks/Foundation.framework; sourceTree = SDKROOT; };
		DC4F279918945AD10000DE75 /* CoreGraphics.framework */ = {isa = PBXFileReference; lastKnownFileType = wrapper.framework; name = CoreGraphics.framework; path = System/Library/Frameworks/CoreGraphics.framework; sourceTree = SDKROOT; };
		DC4F279B18945AD10000DE75 /* UIKit.framework */ = {isa = PBXFileReference; lastKnownFileType = wrapper.framework; name = UIKit.framework; path = System/Library/Frameworks/UIKit.framework; sourceTree = SDKROOT; };
		DC4F279F18945AD10000DE75 /* Noise-Info.plist */ = {isa = PBXFileReference; lastKnownFileType = text.plist.xml; path = "Noise-Info.plist"; sourceTree = "<group>"; };
		DC4F27A118945AD10000DE75 /* en */ = {isa = PBXFileReference; lastKnownFileType = text.plist.strings; name = en; path = en.lproj/InfoPlist.strings; sourceTree = "<group>"; };
		DC4F27A318945AD10000DE75 /* main.m */ = {isa = PBXFileReference; lastKnownFileType = sourcecode.c.objc; path = main.m; sourceTree = "<group>"; };
		DC4F27A518945AD10000DE75 /* Noise-Prefix.pch */ = {isa = PBXFileReference; lastKnownFileType = sourcecode.c.h; path = "Noise-Prefix.pch"; sourceTree = "<group>"; };
		DC4F27A618945AD10000DE75 /* AppDelegate.h */ = {isa = PBXFileReference; lastKnownFileType = sourcecode.c.h; path = AppDelegate.h; sourceTree = "<group>"; };
		DC4F27A718945AD10000DE75 /* AppDelegate.m */ = {isa = PBXFileReference; lastKnownFileType = sourcecode.c.objc; path = AppDelegate.m; sourceTree = "<group>"; };
		DC4F27AA18945AD10000DE75 /* Base */ = {isa = PBXFileReference; lastKnownFileType = file.storyboard; name = Base; path = Base.lproj/Main.storyboard; sourceTree = "<group>"; };
		DC4F27AC18945AD10000DE75 /* ViewController.h */ = {isa = PBXFileReference; lastKnownFileType = sourcecode.c.h; path = ViewController.h; sourceTree = "<group>"; };
		DC4F27AD18945AD10000DE75 /* ViewController.m */ = {isa = PBXFileReference; lastKnownFileType = sourcecode.c.objc; path = ViewController.m; sourceTree = "<group>"; };
		DC4F27AF18945AD10000DE75 /* Images.xcassets */ = {isa = PBXFileReference; lastKnownFileType = folder.assetcatalog; path = Images.xcassets; sourceTree = "<group>"; };
		DC4F27B518945AD10000DE75 /* NoiseTests.xctest */ = {isa = PBXFileReference; explicitFileType = wrapper.cfbundle; includeInIndex = 0; path = NoiseTests.xctest; sourceTree = BUILT_PRODUCTS_DIR; };
		DC4F27B618945AD10000DE75 /* XCTest.framework */ = {isa = PBXFileReference; lastKnownFileType = wrapper.framework; name = XCTest.framework; path = Library/Frameworks/XCTest.framework; sourceTree = DEVELOPER_DIR; };
		DC4F27BE18945AD10000DE75 /* NoiseTests-Info.plist */ = {isa = PBXFileReference; lastKnownFileType = text.plist.xml; path = "NoiseTests-Info.plist"; sourceTree = "<group>"; };
		DC4F27C018945AD10000DE75 /* en */ = {isa = PBXFileReference; lastKnownFileType = text.plist.strings; name = en; path = en.lproj/InfoPlist.strings; sourceTree = "<group>"; };
		DC4F27C218945AD10000DE75 /* NoiseTests.m */ = {isa = PBXFileReference; lastKnownFileType = sourcecode.c.objc; path = NoiseTests.m; sourceTree = "<group>"; };
		DC4F27CC18945B8F0000DE75 /* libTheAmazingAudioEngine.a */ = {isa = PBXFileReference; lastKnownFileType = file; name = libTheAmazingAudioEngine.a; path = "../TheAmazingAudioEngine/build/Debug-iphoneos/libTheAmazingAudioEngine.a"; sourceTree = "<group>"; };
		DC4F27CE1894669B0000DE75 /* Accelerate.framework */ = {isa = PBXFileReference; lastKnownFileType = wrapper.framework; name = Accelerate.framework; path = System/Library/Frameworks/Accelerate.framework; sourceTree = SDKROOT; };
		DC4F27D0189466A80000DE75 /* AudioToolbox.framework */ = {isa = PBXFileReference; lastKnownFileType = wrapper.framework; name = AudioToolbox.framework; path = System/Library/Frameworks/AudioToolbox.framework; sourceTree = SDKROOT; };
/* End PBXFileReference section */

/* Begin PBXFrameworksBuildPhase section */
		DC4F279118945AD10000DE75 /* Frameworks */ = {
			isa = PBXFrameworksBuildPhase;
			buildActionMask = 2147483647;
			files = (
				DC4F27D1189466A80000DE75 /* AudioToolbox.framework in Frameworks */,
				DC4F27CF1894669B0000DE75 /* Accelerate.framework in Frameworks */,
				DC4F27CD18945B8F0000DE75 /* libTheAmazingAudioEngine.a in Frameworks */,
				DC4F279A18945AD10000DE75 /* CoreGraphics.framework in Frameworks */,
				DC4F279C18945AD10000DE75 /* UIKit.framework in Frameworks */,
				DC4F279818945AD10000DE75 /* Foundation.framework in Frameworks */,
			);
			runOnlyForDeploymentPostprocessing = 0;
		};
		DC4F27B218945AD10000DE75 /* Frameworks */ = {
			isa = PBXFrameworksBuildPhase;
			buildActionMask = 2147483647;
			files = (
				DC4F27B718945AD10000DE75 /* XCTest.framework in Frameworks */,
				DC4F27B918945AD10000DE75 /* UIKit.framework in Frameworks */,
				DC4F27B818945AD10000DE75 /* Foundation.framework in Frameworks */,
			);
			runOnlyForDeploymentPostprocessing = 0;
		};
/* End PBXFrameworksBuildPhase section */

/* Begin PBXGroup section */
		DC4F278B18945AD10000DE75 = {
			isa = PBXGroup;
			children = (
				DC4F279D18945AD10000DE75 /* Noise */,
				DC4F27BC18945AD10000DE75 /* NoiseTests */,
				DC4F279618945AD10000DE75 /* Frameworks */,
				DC4F279518945AD10000DE75 /* Products */,
			);
			sourceTree = "<group>";
		};
		DC4F279518945AD10000DE75 /* Products */ = {
			isa = PBXGroup;
			children = (
				DC4F279418945AD10000DE75 /* Noise.app */,
				DC4F27B518945AD10000DE75 /* NoiseTests.xctest */,
			);
			name = Products;
			sourceTree = "<group>";
		};
		DC4F279618945AD10000DE75 /* Frameworks */ = {
			isa = PBXGroup;
			children = (
				DC4F27D0189466A80000DE75 /* AudioToolbox.framework */,
				DC4F27CE1894669B0000DE75 /* Accelerate.framework */,
				DC4F27CC18945B8F0000DE75 /* libTheAmazingAudioEngine.a */,
				DC4F279718945AD10000DE75 /* Foundation.framework */,
				DC4F279918945AD10000DE75 /* CoreGraphics.framework */,
				DC4F279B18945AD10000DE75 /* UIKit.framework */,
				DC4F27B618945AD10000DE75 /* XCTest.framework */,
			);
			name = Frameworks;
			sourceTree = "<group>";
		};
		DC4F279D18945AD10000DE75 /* Noise */ = {
			isa = PBXGroup;
			children = (
				DC4F27A618945AD10000DE75 /* AppDelegate.h */,
				DC4F27A718945AD10000DE75 /* AppDelegate.m */,
				DC4F27A918945AD10000DE75 /* Main.storyboard */,
				DC4F27AC18945AD10000DE75 /* ViewController.h */,
				DC4F27AD18945AD10000DE75 /* ViewController.m */,
				DC4F27AF18945AD10000DE75 /* Images.xcassets */,
				DC4F279E18945AD10000DE75 /* Supporting Files */,
			);
			path = Noise;
			sourceTree = "<group>";
		};
		DC4F279E18945AD10000DE75 /* Supporting Files */ = {
			isa = PBXGroup;
			children = (
				DC4F279F18945AD10000DE75 /* Noise-Info.plist */,
				DC4F27A018945AD10000DE75 /* InfoPlist.strings */,
				DC4F27A318945AD10000DE75 /* main.m */,
				DC4F27A518945AD10000DE75 /* Noise-Prefix.pch */,
			);
			name = "Supporting Files";
			sourceTree = "<group>";
		};
		DC4F27BC18945AD10000DE75 /* NoiseTests */ = {
			isa = PBXGroup;
			children = (
				DC4F27C218945AD10000DE75 /* NoiseTests.m */,
				DC4F27BD18945AD10000DE75 /* Supporting Files */,
			);
			path = NoiseTests;
			sourceTree = "<group>";
		};
		DC4F27BD18945AD10000DE75 /* Supporting Files */ = {
			isa = PBXGroup;
			children = (
				DC4F27BE18945AD10000DE75 /* NoiseTests-Info.plist */,
				DC4F27BF18945AD10000DE75 /* InfoPlist.strings */,
			);
			name = "Supporting Files";
			sourceTree = "<group>";
		};
/* End PBXGroup section */

/* Begin PBXNativeTarget section */
		DC4F279318945AD10000DE75 /* Noise */ = {
			isa = PBXNativeTarget;
			buildConfigurationList = DC4F27C618945AD10000DE75 /* Build configuration list for PBXNativeTarget "Noise" */;
			buildPhases = (
				DC4F279018945AD10000DE75 /* Sources */,
				DC4F279118945AD10000DE75 /* Frameworks */,
				DC4F279218945AD10000DE75 /* Resources */,
			);
			buildRules = (
			);
			dependencies = (
			);
			name = Noise;
			productName = Noise;
			productReference = DC4F279418945AD10000DE75 /* Noise.app */;
			productType = "com.apple.product-type.application";
		};
		DC4F27B418945AD10000DE75 /* NoiseTests */ = {
			isa = PBXNativeTarget;
			buildConfigurationList = DC4F27C918945AD10000DE75 /* Build configuration list for PBXNativeTarget "NoiseTests" */;
			buildPhases = (
				DC4F27B118945AD10000DE75 /* Sources */,
				DC4F27B218945AD10000DE75 /* Frameworks */,
				DC4F27B318945AD10000DE75 /* Resources */,
			);
			buildRules = (
			);
			dependencies = (
				DC4F27BB18945AD10000DE75 /* PBXTargetDependency */,
			);
			name = NoiseTests;
			productName = NoiseTests;
			productReference = DC4F27B518945AD10000DE75 /* NoiseTests.xctest */;
			productType = "com.apple.product-type.bundle.unit-test";
		};
/* End PBXNativeTarget section */

/* Begin PBXProject section */
		DC4F278C18945AD10000DE75 /* Project object */ = {
			isa = PBXProject;
			attributes = {
				CLASSPREFIX = "";
				LastUpgradeCheck = 0500;
				ORGANIZATIONNAME = Apposite;
				TargetAttributes = {
					DC4F27B418945AD10000DE75 = {
						TestTargetID = DC4F279318945AD10000DE75;
					};
				};
			};
			buildConfigurationList = DC4F278F18945AD10000DE75 /* Build configuration list for PBXProject "Noise" */;
			compatibilityVersion = "Xcode 3.2";
			developmentRegion = English;
			hasScannedForEncodings = 0;
			knownRegions = (
				en,
				Base,
			);
			mainGroup = DC4F278B18945AD10000DE75;
			productRefGroup = DC4F279518945AD10000DE75 /* Products */;
			projectDirPath = "";
			projectRoot = "";
			targets = (
				DC4F279318945AD10000DE75 /* Noise */,
				DC4F27B418945AD10000DE75 /* NoiseTests */,
			);
		};
/* End PBXProject section */

/* Begin PBXResourcesBuildPhase section */
		DC4F279218945AD10000DE75 /* Resources */ = {
			isa = PBXResourcesBuildPhase;
			buildActionMask = 2147483647;
			files = (
				DC4F27B018945AD10000DE75 /* Images.xcassets in Resources */,
				DC4F27A218945AD10000DE75 /* InfoPlist.strings in Resources */,
				DC4F27AB18945AD10000DE75 /* Main.storyboard in Resources */,
			);
			runOnlyForDeploymentPostprocessing = 0;
		};
		DC4F27B318945AD10000DE75 /* Resources */ = {
			isa = PBXResourcesBuildPhase;
			buildActionMask = 2147483647;
			files = (
				DC4F27C118945AD10000DE75 /* InfoPlist.strings in Resources */,
			);
			runOnlyForDeploymentPostprocessing = 0;
		};
/* End PBXResourcesBuildPhase section */

/* Begin PBXSourcesBuildPhase section */
		DC4F279018945AD10000DE75 /* Sources */ = {
			isa = PBXSourcesBuildPhase;
			buildActionMask = 2147483647;
			files = (
				DC4F27A818945AD10000DE75 /* AppDelegate.m in Sources */,
				DC4F27AE18945AD10000DE75 /* ViewController.m in Sources */,
				DC4F27A418945AD10000DE75 /* main.m in Sources */,
			);
			runOnlyForDeploymentPostprocessing = 0;
		};
		DC4F27B118945AD10000DE75 /* Sources */ = {
			isa = PBXSourcesBuildPhase;
			buildActionMask = 2147483647;
			files = (
				DC4F27C318945AD10000DE75 /* NoiseTests.m in Sources */,
			);
			runOnlyForDeploymentPostprocessing = 0;
		};
/* End PBXSourcesBuildPhase section */

/* Begin PBXTargetDependency section */
		DC4F27BB18945AD10000DE75 /* PBXTargetDependency */ = {
			isa = PBXTargetDependency;
			target = DC4F279318945AD10000DE75 /* Noise */;
			targetProxy = DC4F27BA18945AD10000DE75 /* PBXContainerItemProxy */;
		};
/* End PBXTargetDependency section */

/* Begin PBXVariantGroup section */
		DC4F27A018945AD10000DE75 /* InfoPlist.strings */ = {
			isa = PBXVariantGroup;
			children = (
				DC4F27A118945AD10000DE75 /* en */,
			);
			name = InfoPlist.strings;
			sourceTree = "<group>";
		};
		DC4F27A918945AD10000DE75 /* Main.storyboard */ = {
			isa = PBXVariantGroup;
			children = (
				DC4F27AA18945AD10000DE75 /* Base */,
			);
			name = Main.storyboard;
			sourceTree = "<group>";
		};
		DC4F27BF18945AD10000DE75 /* InfoPlist.strings */ = {
			isa = PBXVariantGroup;
			children = (
				DC4F27C018945AD10000DE75 /* en */,
			);
			name = InfoPlist.strings;
			sourceTree = "<group>";
		};
/* End PBXVariantGroup section */

/* Begin XCBuildConfiguration section */
		DC4F27C418945AD10000DE75 /* Debug */ = {
			isa = XCBuildConfiguration;
			buildSettings = {
				ALWAYS_SEARCH_USER_PATHS = NO;
				ARCHS = "$(ARCHS_STANDARD_INCLUDING_64_BIT)";
				CLANG_CXX_LANGUAGE_STANDARD = "gnu++0x";
				CLANG_CXX_LIBRARY = "libc++";
				CLANG_ENABLE_MODULES = YES;
				CLANG_ENABLE_OBJC_ARC = YES;
				CLANG_WARN_BOOL_CONVERSION = YES;
				CLANG_WARN_CONSTANT_CONVERSION = YES;
				CLANG_WARN_DIRECT_OBJC_ISA_USAGE = YES_ERROR;
				CLANG_WARN_EMPTY_BODY = YES;
				CLANG_WARN_ENUM_CONVERSION = YES;
				CLANG_WARN_INT_CONVERSION = YES;
				CLANG_WARN_OBJC_ROOT_CLASS = YES_ERROR;
				CLANG_WARN__DUPLICATE_METHOD_MATCH = YES;
				"CODE_SIGN_IDENTITY[sdk=iphoneos*]" = "iPhone Developer";
				COPY_PHASE_STRIP = NO;
				GCC_C_LANGUAGE_STANDARD = gnu99;
				GCC_DYNAMIC_NO_PIC = NO;
				GCC_OPTIMIZATION_LEVEL = 0;
				GCC_PREPROCESSOR_DEFINITIONS = (
					"DEBUG=1",
					"$(inherited)",
				);
				GCC_SYMBOLS_PRIVATE_EXTERN = NO;
				GCC_WARN_64_TO_32_BIT_CONVERSION = YES;
				GCC_WARN_ABOUT_RETURN_TYPE = YES_ERROR;
				GCC_WARN_UNDECLARED_SELECTOR = YES;
				GCC_WARN_UNINITIALIZED_AUTOS = YES;
				GCC_WARN_UNUSED_FUNCTION = YES;
				GCC_WARN_UNUSED_VARIABLE = YES;
				IPHONEOS_DEPLOYMENT_TARGET = 7.0;
				ONLY_ACTIVE_ARCH = YES;
				SDKROOT = iphoneos;
			};
			name = Debug;
		};
		DC4F27C518945AD10000DE75 /* Release */ = {
			isa = XCBuildConfiguration;
			buildSettings = {
				ALWAYS_SEARCH_USER_PATHS = NO;
				ARCHS = "$(ARCHS_STANDARD_INCLUDING_64_BIT)";
				CLANG_CXX_LANGUAGE_STANDARD = "gnu++0x";
				CLANG_CXX_LIBRARY = "libc++";
				CLANG_ENABLE_MODULES = YES;
				CLANG_ENABLE_OBJC_ARC = YES;
				CLANG_WARN_BOOL_CONVERSION = YES;
				CLANG_WARN_CONSTANT_CONVERSION = YES;
				CLANG_WARN_DIRECT_OBJC_ISA_USAGE = YES_ERROR;
				CLANG_WARN_EMPTY_BODY = YES;
				CLANG_WARN_ENUM_CONVERSION = YES;
				CLANG_WARN_INT_CONVERSION = YES;
				CLANG_WARN_OBJC_ROOT_CLASS = YES_ERROR;
				CLANG_WARN__DUPLICATE_METHOD_MATCH = YES;
				"CODE_SIGN_IDENTITY[sdk=iphoneos*]" = "iPhone Developer";
				COPY_PHASE_STRIP = YES;
				ENABLE_NS_ASSERTIONS = NO;
				GCC_C_LANGUAGE_STANDARD = gnu99;
				GCC_WARN_64_TO_32_BIT_CONVERSION = YES;
				GCC_WARN_ABOUT_RETURN_TYPE = YES_ERROR;
				GCC_WARN_UNDECLARED_SELECTOR = YES;
				GCC_WARN_UNINITIALIZED_AUTOS = YES;
				GCC_WARN_UNUSED_FUNCTION = YES;
				GCC_WARN_UNUSED_VARIABLE = YES;
				IPHONEOS_DEPLOYMENT_TARGET = 7.0;
				SDKROOT = iphoneos;
				VALIDATE_PRODUCT = YES;
			};
			name = Release;
		};
		DC4F27C718945AD10000DE75 /* Debug */ = {
			isa = XCBuildConfiguration;
			buildSettings = {
				ALWAYS_SEARCH_USER_PATHS = NO;
				ASSETCATALOG_COMPILER_APPICON_NAME = AppIcon;
				ASSETCATALOG_COMPILER_LAUNCHIMAGE_NAME = LaunchImage;
				GCC_PRECOMPILE_PREFIX_HEADER = YES;
				GCC_PREFIX_HEADER = "Noise/Noise-Prefix.pch";
				HEADER_SEARCH_PATHS = (
					"$(inherited)",
					TheAmazingAudioEngine/TheAmazingAudioEngine,
					/Applications/Xcode.app/Contents/Developer/Toolchains/XcodeDefault.xctoolchain/usr/include,
				);
				INFOPLIST_FILE = "Noise/Noise-Info.plist";
				LIBRARY_SEARCH_PATHS = "$(SRCROOT)/TheAmazingAudioEngine";
				PRODUCT_NAME = "$(TARGET_NAME)";
				USER_HEADER_SEARCH_PATHS = "";
				WRAPPER_EXTENSION = app;
			};
			name = Debug;
		};
		DC4F27C818945AD10000DE75 /* Release */ = {
			isa = XCBuildConfiguration;
			buildSettings = {
				ALWAYS_SEARCH_USER_PATHS = NO;
				ASSETCATALOG_COMPILER_APPICON_NAME = AppIcon;
				ASSETCATALOG_COMPILER_LAUNCHIMAGE_NAME = LaunchImage;
				GCC_PRECOMPILE_PREFIX_HEADER = YES;
				GCC_PREFIX_HEADER = "Noise/Noise-Prefix.pch";
				HEADER_SEARCH_PATHS = (
					"$(inherited)",
					TheAmazingAudioEngine/TheAmazingAudioEngine,
					/Applications/Xcode.app/Contents/Developer/Toolchains/XcodeDefault.xctoolchain/usr/include,
				);
				INFOPLIST_FILE = "Noise/Noise-Info.plist";
				LIBRARY_SEARCH_PATHS = "$(SRCROOT)/TheAmazingAudioEngine";
				PRODUCT_NAME = "$(TARGET_NAME)";
				USER_HEADER_SEARCH_PATHS = "";
				WRAPPER_EXTENSION = app;
			};
			name = Release;
		};
		DC4F27CA18945AD10000DE75 /* Debug */ = {
			isa = XCBuildConfiguration;
			buildSettings = {
				ARCHS = "$(ARCHS_STANDARD_INCLUDING_64_BIT)";
				BUNDLE_LOADER = "$(BUILT_PRODUCTS_DIR)/Noise.app/Noise";
				FRAMEWORK_SEARCH_PATHS = (
					"$(SDKROOT)/Developer/Library/Frameworks",
					"$(inherited)",
					"$(DEVELOPER_FRAMEWORKS_DIR)",
				);
				GCC_PRECOMPILE_PREFIX_HEADER = YES;
				GCC_PREFIX_HEADER = "Noise/Noise-Prefix.pch";
				GCC_PREPROCESSOR_DEFINITIONS = (
					"DEBUG=1",
					"$(inherited)",
				);
				INFOPLIST_FILE = "NoiseTests/NoiseTests-Info.plist";
				PRODUCT_NAME = "$(TARGET_NAME)";
				TEST_HOST = "$(BUNDLE_LOADER)";
				WRAPPER_EXTENSION = xctest;
			};
			name = Debug;
		};
		DC4F27CB18945AD10000DE75 /* Release */ = {
			isa = XCBuildConfiguration;
			buildSettings = {
				ARCHS = "$(ARCHS_STANDARD_INCLUDING_64_BIT)";
				BUNDLE_LOADER = "$(BUILT_PRODUCTS_DIR)/Noise.app/Noise";
				FRAMEWORK_SEARCH_PATHS = (
					"$(SDKROOT)/Developer/Library/Frameworks",
					"$(inherited)",
					"$(DEVELOPER_FRAMEWORKS_DIR)",
				);
				GCC_PRECOMPILE_PREFIX_HEADER = YES;
				GCC_PREFIX_HEADER = "Noise/Noise-Prefix.pch";
				INFOPLIST_FILE = "NoiseTests/NoiseTests-Info.plist";
				PRODUCT_NAME = "$(TARGET_NAME)";
				TEST_HOST = "$(BUNDLE_LOADER)";
				WRAPPER_EXTENSION = xctest;
			};
			name = Release;
		};
/* End XCBuildConfiguration section */

/* Begin XCConfigurationList section */
		DC4F278F18945AD10000DE75 /* Build configuration list for PBXProject "Noise" */ = {
			isa = XCConfigurationList;
			buildConfigurations = (
				DC4F27C418945AD10000DE75 /* Debug */,
				DC4F27C518945AD10000DE75 /* Release */,
			);
			defaultConfigurationIsVisible = 0;
			defaultConfigurationName = Release;
		};
		DC4F27C618945AD10000DE75 /* Build configuration list for PBXNativeTarget "Noise" */ = {
			isa = XCConfigurationList;
			buildConfigurations = (
				DC4F27C718945AD10000DE75 /* Debug */,
				DC4F27C818945AD10000DE75 /* Release */,
			);
			defaultConfigurationIsVisible = 0;
		};
		DC4F27C918945AD10000DE75 /* Build configuration list for PBXNativeTarget "NoiseTests" */ = {
			isa = XCConfigurationList;
			buildConfigurations = (
				DC4F27CA18945AD10000DE75 /* Debug */,
				DC4F27CB18945AD10000DE75 /* Release */,
			);
			defaultConfigurationIsVisible = 0;
		};
/* End XCConfigurationList section */
	};
	rootObject = DC4F278C18945AD10000DE75 /* Project object */;
}
